{
  "version": 4,
  "terraform_version": "1.9.8",
  "serial": 98,
  "lineage": "559eec5c-6573-38af-9e04-f69875fd3110",
  "outputs": {
    "repository_url": {
      "value": "688567262647.dkr.ecr.us-east-1.amazonaws.com/nestapprepo",
      "type": "string"
    }
  },
  "resources": [
    {
      "mode": "managed",
      "type": "aws_ecr_repository",
      "name": "ecr_repo",
      "provider": "provider[\"registry.terraform.io/hashicorp/aws\"]",
      "instances": [
        {
          "schema_version": 0,
          "attributes": {
            "arn": "arn:aws:ecr:us-east-1:688567262647:repository/nestapprepo",
            "encryption_configuration": [
              {
                "encryption_type": "AES256",
                "kms_key": ""
              }
            ],
            "force_delete": null,
            "id": "nestapprepo",
            "image_scanning_configuration": [
              {
                "scan_on_push": false
              }
            ],
            "image_tag_mutability": "MUTABLE",
            "name": "nestapprepo",
            "registry_id": "688567262647",
            "repository_url": "688567262647.dkr.ecr.us-east-1.amazonaws.com/nestapprepo",
            "tags": null,
            "tags_all": {},
            "timeouts": null
          },
          "sensitive_attributes": [],
          "private": "eyJlMmJmYjczMC1lY2FhLTExZTYtOGY4OC0zNDM2M2JjN2M0YzAiOnsiZGVsZXRlIjoxMjAwMDAwMDAwMDAwfX0="
        }
      ]
    }
  ],
  "check_results": null
}
